
Microsoft Visual Studio Solution File, Format Version 12.00
# Visual Studio Version 16
VisualStudioVersion = 16.0.31205.134
MinimumVisualStudioVersion = 10.0.40219.1
Project("{9A19103F-16F7-4668-BE54-9A1E7A4F7556}") = "DocAggregator.API", "DocAggregator.API\DocAggregator.API.csproj", "{EB7ACD70-04D4-407E-9849-E2B11AF804E6}"
EndProject
Project("{2150E333-8FDC-42A3-9474-1A3956D46DE8}") = "Solution Items", "Solution Items", "{19DEF07E-0A13-4B0D-BC38-E90FA47A5C31}"
	ProjectSection(SolutionItems) = preProject
		.gitignore = .gitignore
		README.md = README.md
	EndProjectSection
EndProject
Project("{9A19103F-16F7-4668-BE54-9A1E7A4F7556}") = "DocAggregator.API.Core", "DocAggregator.API.Core\DocAggregator.API.Core.csproj", "{18551FDB-A79F-49BD-A68F-AFA626714912}"
EndProject
Project("{9A19103F-16F7-4668-BE54-9A1E7A4F7556}") = "DocAggregator.API.Infrastructure", "DocAggregator.API.Infrastructure\DocAggregator.API.Infrastructure.csproj", "{5AEB5DE3-1AA3-4F14-90E3-D2670E3D66B2}"
EndProject
Project("{9A19103F-16F7-4668-BE54-9A1E7A4F7556}") = "DocAggregator.API.Core.Tests", "DocAggregator.API.Core.Tests\DocAggregator.API.Core.Tests.csproj", "{2811B57A-156E-4A50-8C03-5DD46AACF68B}"
EndProject
Project("{FAE04EC0-301F-11D3-BF4B-00C04F79EFBC}") = "DocAggregator.Proxy", "DocAggregator.Proxy\DocAggregator.Proxy.csproj", "{953EF0EA-97E8-4A46-818F-8FE2CD2E2385}"
EndProject
Global
	GlobalSection(SolutionConfigurationPlatforms) = preSolution
		Debug|Any CPU = Debug|Any CPU
		Release|Any CPU = Release|Any CPU
	EndGlobalSection
	GlobalSection(ProjectConfigurationPlatforms) = postSolution
		{EB7ACD70-04D4-407E-9849-E2B11AF804E6}.Debug|Any CPU.ActiveCfg = Debug|Any CPU
		{EB7ACD70-04D4-407E-9849-E2B11AF804E6}.Debug|Any CPU.Build.0 = Debug|Any CPU
		{EB7ACD70-04D4-407E-9849-E2B11AF804E6}.Release|Any CPU.ActiveCfg = Release|Any CPU
		{EB7ACD70-04D4-407E-9849-E2B11AF804E6}.Release|Any CPU.Build.0 = Release|Any CPU
		{18551FDB-A79F-49BD-A68F-AFA626714912}.Debug|Any CPU.ActiveCfg = Debug|Any CPU
		{18551FDB-A79F-49BD-A68F-AFA626714912}.Debug|Any CPU.Build.0 = Debug|Any CPU
		{18551FDB-A79F-49BD-A68F-AFA626714912}.Release|Any CPU.ActiveCfg = Release|Any CPU
		{18551FDB-A79F-49BD-A68F-AFA626714912}.Release|Any CPU.Build.0 = Release|Any CPU
		{5AEB5DE3-1AA3-4F14-90E3-D2670E3D66B2}.Debug|Any CPU.ActiveCfg = Debug|Any CPU
		{5AEB5DE3-1AA3-4F14-90E3-D2670E3D66B2}.Debug|Any CPU.Build.0 = Debug|Any CPU
		{5AEB5DE3-1AA3-4F14-90E3-D2670E3D66B2}.Release|Any CPU.ActiveCfg = Release|Any CPU
		{5AEB5DE3-1AA3-4F14-90E3-D2670E3D66B2}.Release|Any CPU.Build.0 = Release|Any CPU
		{2811B57A-156E-4A50-8C03-5DD46AACF68B}.Debug|Any CPU.ActiveCfg = Debug|Any CPU
		{2811B57A-156E-4A50-8C03-5DD46AACF68B}.Debug|Any CPU.Build.0 = Debug|Any CPU
		{2811B57A-156E-4A50-8C03-5DD46AACF68B}.Release|Any CPU.ActiveCfg = Release|Any CPU
		{2811B57A-156E-4A50-8C03-5DD46AACF68B}.Release|Any CPU.Build.0 = Release|Any CPU
		{953EF0EA-97E8-4A46-818F-8FE2CD2E2385}.Debug|Any CPU.ActiveCfg = Debug|Any CPU
		{953EF0EA-97E8-4A46-818F-8FE2CD2E2385}.Debug|Any CPU.Build.0 = Debug|Any CPU
		{953EF0EA-97E8-4A46-818F-8FE2CD2E2385}.Release|Any CPU.ActiveCfg = Release|Any CPU
		{953EF0EA-97E8-4A46-818F-8FE2CD2E2385}.Release|Any CPU.Build.0 = Release|Any CPU
	EndGlobalSection
	GlobalSection(SolutionProperties) = preSolution
		HideSolutionNode = FALSE
	EndGlobalSection
	GlobalSection(ExtensibilityGlobals) = postSolution
		SolutionGuid = {374B7302-4A03-4DFD-889D-B4FABE483066}
	EndGlobalSection
EndGlobal
